
Microsoft Visual Studio Solution File, Format Version 12.00
# Visual Studio Version 17
VisualStudioVersion = 17.0.32014.148
MinimumVisualStudioVersion = 10.0.40219.1
Project("{FAE04EC0-301F-11D3-BF4B-00C04F79EFBC}") = "SimpleCustomConfigurationBuilder", "SimpleCustomConfigurationBuilder\SimpleCustomConfigurationBuilder.csproj", "{4FFA122D-AEB4-4411-B0A5-B1949601C5DC}"
EndProject
Project("{FAE04EC0-301F-11D3-BF4B-00C04F79EFBC}") = "MyCustomConfigurationBuilders", "MyCustomConfigurationBuilders\MyCustomConfigurationBuilders.csproj", "{5F967E4F-185B-434A-8673-D07ACF384E10}"
EndProject
Project("{FAE04EC0-301F-11D3-BF4B-00C04F79EFBC}") = "AttemptToUseConfigurationBuilderWithAwsSdk", "AttemptToUseConfigurationBuilderWithAwsSdk\AttemptToUseConfigurationBuilderWithAwsSdk.csproj", "{7ED000E1-E020-4DA2-821F-884641834974}"
EndProject
Global
	GlobalSection(SolutionConfigurationPlatforms) = preSolution
		Debug|Any CPU = Debug|Any CPU
		Release|Any CPU = Release|Any CPU
	EndGlobalSection
	GlobalSection(ProjectConfigurationPlatforms) = postSolution
		{4FFA122D-AEB4-4411-B0A5-B1949601C5DC}.Debug|Any CPU.ActiveCfg = Debug|Any CPU
		{4FFA122D-AEB4-4411-B0A5-B1949601C5DC}.Debug|Any CPU.Build.0 = Debug|Any CPU
		{4FFA122D-AEB4-4411-B0A5-B1949601C5DC}.Release|Any CPU.ActiveCfg = Release|Any CPU
		{4FFA122D-AEB4-4411-B0A5-B1949601C5DC}.Release|Any CPU.Build.0 = Release|Any CPU
		{5F967E4F-185B-434A-8673-D07ACF384E10}.Debug|Any CPU.ActiveCfg = Debug|Any CPU
		{5F967E4F-185B-434A-8673-D07ACF384E10}.Debug|Any CPU.Build.0 = Debug|Any CPU
		{5F967E4F-185B-434A-8673-D07ACF384E10}.Release|Any CPU.ActiveCfg = Release|Any CPU
		{5F967E4F-185B-434A-8673-D07ACF384E10}.Release|Any CPU.Build.0 = Release|Any CPU
		{7ED000E1-E020-4DA2-821F-884641834974}.Debug|Any CPU.ActiveCfg = Debug|Any CPU
		{7ED000E1-E020-4DA2-821F-884641834974}.Debug|Any CPU.Build.0 = Debug|Any CPU
		{7ED000E1-E020-4DA2-821F-884641834974}.Release|Any CPU.ActiveCfg = Release|Any CPU
		{7ED000E1-E020-4DA2-821F-884641834974}.Release|Any CPU.Build.0 = Release|Any CPU
	EndGlobalSection
	GlobalSection(SolutionProperties) = preSolution
		HideSolutionNode = FALSE
	EndGlobalSection
	GlobalSection(ExtensibilityGlobals) = postSolution
		SolutionGuid = {03D5782F-9E03-4EE3-AC1A-DCD8DFD31E67}
	EndGlobalSection
EndGlobal
